
Microsoft Visual Studio Solution File, Format Version 12.00
# Visual Studio Version 17
VisualStudioVersion = 17.6.33829.357
MinimumVisualStudioVersion = 10.0.40219.1
Project("{FAE04EC0-301F-11D3-BF4B-00C04F79EFBC}") = "ProjetoFinalBloco01", "ProjetoFinalBloco01.csproj", "{110BE7AD-F847-42B3-9EAC-37F213F77251}"
EndProject
Global
	GlobalSection(SolutionConfigurationPlatforms) = preSolution
		Debug|Any CPU = Debug|Any CPU
		Release|Any CPU = Release|Any CPU
	EndGlobalSection
	GlobalSection(ProjectConfigurationPlatforms) = postSolution
		{110BE7AD-F847-42B3-9EAC-37F213F77251}.Debug|Any CPU.ActiveCfg = Debug|Any CPU
		{110BE7AD-F847-42B3-9EAC-37F213F77251}.Debug|Any CPU.Build.0 = Debug|Any CPU
		{110BE7AD-F847-42B3-9EAC-37F213F77251}.Release|Any CPU.ActiveCfg = Release|Any CPU
		{110BE7AD-F847-42B3-9EAC-37F213F77251}.Release|Any CPU.Build.0 = Release|Any CPU
	EndGlobalSection
	GlobalSection(SolutionProperties) = preSolution
		HideSolutionNode = FALSE
	EndGlobalSection
	GlobalSection(ExtensibilityGlobals) = postSolution
		SolutionGuid = {1E85FBB9-B17B-4934-A9F6-752E7CD5A785}
	EndGlobalSection
EndGlobal
